
Microsoft Visual Studio Solution File, Format Version 12.00
# Visual Studio Version 17
VisualStudioVersion = 17.11.35222.181
MinimumVisualStudioVersion = 10.0.40219.1
Project("{FAE04EC0-301F-11D3-BF4B-00C04F79EFBC}") = "crud_app", "crud_app\crud_app.csproj", "{6440E803-3C0D-4EFD-B357-49021317DBF7}"
EndProject
Global
	GlobalSection(SolutionConfigurationPlatforms) = preSolution
		Debug|Any CPU = Debug|Any CPU
		Release|Any CPU = Release|Any CPU
	EndGlobalSection
	GlobalSection(ProjectConfigurationPlatforms) = postSolution
		{6440E803-3C0D-4EFD-B357-49021317DBF7}.Debug|Any CPU.ActiveCfg = Debug|Any CPU
		{6440E803-3C0D-4EFD-B357-49021317DBF7}.Debug|Any CPU.Build.0 = Debug|Any CPU
		{6440E803-3C0D-4EFD-B357-49021317DBF7}.Release|Any CPU.ActiveCfg = Release|Any CPU
		{6440E803-3C0D-4EFD-B357-49021317DBF7}.Release|Any CPU.Build.0 = Release|Any CPU
	EndGlobalSection
	GlobalSection(SolutionProperties) = preSolution
		HideSolutionNode = FALSE
	EndGlobalSection
	GlobalSection(ExtensibilityGlobals) = postSolution
		SolutionGuid = {89CF2D28-ADB4-400C-A2DA-213306E51936}
	EndGlobalSection
EndGlobal
